// !$*UTF8*$!
{
	archiveVersion = 1;
	classes = {
	};
	objectVersion = 55;
	objects = {

/* Begin PBXBuildFile section */
		0D6DD1D3274E8733006C806E /* AppDelegate.swift in Sources */ = {isa = PBXBuildFile; fileRef = 0D6DD1D2274E8733006C806E /* AppDelegate.swift */; };
		0D6DD1D5274E8733006C806E /* SceneDelegate.swift in Sources */ = {isa = PBXBuildFile; fileRef = 0D6DD1D4274E8733006C806E /* SceneDelegate.swift */; };
		0D6DD1D7274E8733006C806E /* ViewController.swift in Sources */ = {isa = PBXBuildFile; fileRef = 0D6DD1D6274E8733006C806E /* ViewController.swift */; };
		0D6DD1DA274E8733006C806E /* Main.storyboard in Resources */ = {isa = PBXBuildFile; fileRef = 0D6DD1D8274E8733006C806E /* Main.storyboard */; };
		0D6DD1DC274E8737006C806E /* Assets.xcassets in Resources */ = {isa = PBXBuildFile; fileRef = 0D6DD1DB274E8737006C806E /* Assets.xcassets */; };
		0D6DD1DF274E8737006C806E /* LaunchScreen.storyboard in Resources */ = {isa = PBXBuildFile; fileRef = 0D6DD1DD274E8737006C806E /* LaunchScreen.storyboard */; };
		0D6DD1E8274E8AB7006C806E /* PlayerTableViewCell.swift in Sources */ = {isa = PBXBuildFile; fileRef = 0D6DD1E6274E8AB6006C806E /* PlayerTableViewCell.swift */; };
		0D6DD1E9274E8AB7006C806E /* PlayerTableViewCell.xib in Resources */ = {isa = PBXBuildFile; fileRef = 0D6DD1E7274E8AB6006C806E /* PlayerTableViewCell.xib */; };
/* End PBXBuildFile section */

/* Begin PBXFileReference section */
		0D6DD1CF274E8733006C806E /* Choose Players.app */ = {isa = PBXFileReference; explicitFileType = wrapper.application; includeInIndex = 0; path = "Choose Players.app"; sourceTree = BUILT_PRODUCTS_DIR; };
		0D6DD1D2274E8733006C806E /* AppDelegate.swift */ = {isa = PBXFileReference; lastKnownFileType = sourcecode.swift; path = AppDelegate.swift; sourceTree = "<group>"; };
		0D6DD1D4274E8733006C806E /* SceneDelegate.swift */ = {isa = PBXFileReference; lastKnownFileType = sourcecode.swift; path = SceneDelegate.swift; sourceTree = "<group>"; };
		0D6DD1D6274E8733006C806E /* ViewController.swift */ = {isa = PBXFileReference; lastKnownFileType = sourcecode.swift; path = ViewController.swift; sourceTree = "<group>"; };
		0D6DD1D9274E8733006C806E /* Base */ = {isa = PBXFileReference; lastKnownFileType = file.storyboard; name = Base; path = Base.lproj/Main.storyboard; sourceTree = "<group>"; };
		0D6DD1DB274E8737006C806E /* Assets.xcassets */ = {isa = PBXFileReference; lastKnownFileType = folder.assetcatalog; path = Assets.xcassets; sourceTree = "<group>"; };
		0D6DD1DE274E8737006C806E /* Base */ = {isa = PBXFileReference; lastKnownFileType = file.storyboard; name = Base; path = Base.lproj/LaunchScreen.storyboard; sourceTree = "<group>"; };
		0D6DD1E0274E8737006C806E /* Info.plist */ = {isa = PBXFileReference; lastKnownFileType = text.plist.xml; path = Info.plist; sourceTree = "<group>"; };
		0D6DD1E6274E8AB6006C806E /* PlayerTableViewCell.swift */ = {isa = PBXFileReference; lastKnownFileType = sourcecode.swift; path = PlayerTableViewCell.swift; sourceTree = "<group>"; };
		0D6DD1E7274E8AB6006C806E /* PlayerTableViewCell.xib */ = {isa = PBXFileReference; lastKnownFileType = file.xib; path = PlayerTableViewCell.xib; sourceTree = "<group>"; };
/* End PBXFileReference section */

/* Begin PBXFrameworksBuildPhase section */
		0D6DD1CC274E8733006C806E /* Frameworks */ = {
			isa = PBXFrameworksBuildPhase;
			buildActionMask = 2147483647;
			files = (
			);
			runOnlyForDeploymentPostprocessing = 0;
		};
/* End PBXFrameworksBuildPhase section */

/* Begin PBXGroup section */
		0D6DD1C6274E8733006C806E = {
			isa = PBXGroup;
			children = (
				0D6DD1D1274E8733006C806E /* Choose Players */,
				0D6DD1D0274E8733006C806E /* Products */,
			);
			sourceTree = "<group>";
		};
		0D6DD1D0274E8733006C806E /* Products */ = {
			isa = PBXGroup;
			children = (
				0D6DD1CF274E8733006C806E /* Choose Players.app */,
			);
			name = Products;
			sourceTree = "<group>";
		};
		0D6DD1D1274E8733006C806E /* Choose Players */ = {
			isa = PBXGroup;
			children = (
				0D6DD1D2274E8733006C806E /* AppDelegate.swift */,
				0D6DD1D4274E8733006C806E /* SceneDelegate.swift */,
				0D6DD1EB274E8F1F006C806E /* Controller */,
				0D6DD1EA274E8F16006C806E /* Views */,
				0D6DD1D8274E8733006C806E /* Main.storyboard */,
				0D6DD1DB274E8737006C806E /* Assets.xcassets */,
				0D6DD1DD274E8737006C806E /* LaunchScreen.storyboard */,
				0D6DD1E0274E8737006C806E /* Info.plist */,
			);
			path = "Choose Players";
			sourceTree = "<group>";
		};
		0D6DD1EA274E8F16006C806E /* Views */ = {
			isa = PBXGroup;
			children = (
				0D6DD1E6274E8AB6006C806E /* PlayerTableViewCell.swift */,
				0D6DD1E7274E8AB6006C806E /* PlayerTableViewCell.xib */,
			);
			path = Views;
			sourceTree = "<group>";
		};
		0D6DD1EB274E8F1F006C806E /* Controller */ = {
			isa = PBXGroup;
			children = (
				0D6DD1D6274E8733006C806E /* ViewController.swift */,
			);
			path = Controller;
			sourceTree = "<group>";
		};
/* End PBXGroup section */

/* Begin PBXNativeTarget section */
		0D6DD1CE274E8733006C806E /* Choose Players */ = {
			isa = PBXNativeTarget;
			buildConfigurationList = 0D6DD1E3274E8737006C806E /* Build configuration list for PBXNativeTarget "Choose Players" */;
			buildPhases = (
				0D6DD1CB274E8733006C806E /* Sources */,
				0D6DD1CC274E8733006C806E /* Frameworks */,
				0D6DD1CD274E8733006C806E /* Resources */,
			);
			buildRules = (
			);
			dependencies = (
			);
			name = "Choose Players";
			productName = "Choose Players";
			productReference = 0D6DD1CF274E8733006C806E /* Choose Players.app */;
			productType = "com.apple.product-type.application";
		};
/* End PBXNativeTarget section */

/* Begin PBXProject section */
		0D6DD1C7274E8733006C806E /* Project object */ = {
			isa = PBXProject;
			attributes = {
				BuildIndependentTargetsInParallel = 1;
				LastSwiftUpdateCheck = 1310;
				LastUpgradeCheck = 1310;
				TargetAttributes = {
					0D6DD1CE274E8733006C806E = {
						CreatedOnToolsVersion = 13.1;
					};
				};
			};
			buildConfigurationList = 0D6DD1CA274E8733006C806E /* Build configuration list for PBXProject "Choose Players" */;
			compatibilityVersion = "Xcode 13.0";
			developmentRegion = en;
			hasScannedForEncodings = 0;
			knownRegions = (
				en,
				Base,
			);
			mainGroup = 0D6DD1C6274E8733006C806E;
			productRefGroup = 0D6DD1D0274E8733006C806E /* Products */;
			projectDirPath = "";
			projectRoot = "";
			targets = (
				0D6DD1CE274E8733006C806E /* Choose Players */,
			);
		};
/* End PBXProject section */

/* Begin PBXResourcesBuildPhase section */
		0D6DD1CD274E8733006C806E /* Resources */ = {
			isa = PBXResourcesBuildPhase;
			buildActionMask = 2147483647;
			files = (
				0D6DD1E9274E8AB7006C806E /* PlayerTableViewCell.xib in Resources */,
				0D6DD1DF274E8737006C806E /* LaunchScreen.storyboard in Resources */,
				0D6DD1DC274E8737006C806E /* Assets.xcassets in Resources */,
				0D6DD1DA274E8733006C806E /* Main.storyboard in Resources */,
			);
			runOnlyForDeploymentPostprocessing = 0;
		};
/* End PBXResourcesBuildPhase section */

/* Begin PBXSourcesBuildPhase section */
		0D6DD1CB274E8733006C806E /* Sources */ = {
			isa = PBXSourcesBuildPhase;
			buildActionMask = 2147483647;
			files = (
				0D6DD1E8274E8AB7006C806E /* PlayerTableViewCell.swift in Sources */,
				0D6DD1D7274E8733006C806E /* ViewController.swift in Sources */,
				0D6DD1D3274E8733006C806E /* AppDelegate.swift in Sources */,
				0D6DD1D5274E8733006C806E /* SceneDelegate.swift in Sources */,
			);
			runOnlyForDeploymentPostprocessing = 0;
		};
/* End PBXSourcesBuildPhase section */

/* Begin PBXVariantGroup section */
		0D6DD1D8274E8733006C806E /* Main.storyboard */ = {
			isa = PBXVariantGroup;
			children = (
				0D6DD1D9274E8733006C806E /* Base */,
			);
			name = Main.storyboard;
			sourceTree = "<group>";
		};
		0D6DD1DD274E8737006C806E /* LaunchScreen.storyboard */ = {
			isa = PBXVariantGroup;
			children = (
				0D6DD1DE274E8737006C806E /* Base */,
			);
			name = LaunchScreen.storyboard;
			sourceTree = "<group>";
		};
/* End PBXVariantGroup section */

/* Begin XCBuildConfiguration section */
		0D6DD1E1274E8737006C806E /* Debug */ = {
			isa = XCBuildConfiguration;
			buildSettings = {
				ALWAYS_SEARCH_USER_PATHS = NO;
				CLANG_ANALYZER_NONNULL = YES;
				CLANG_ANALYZER_NUMBER_OBJECT_CONVERSION = YES_AGGRESSIVE;
				CLANG_CXX_LANGUAGE_STANDARD = "gnu++17";
				CLANG_CXX_LIBRARY = "libc++";
				CLANG_ENABLE_MODULES = YES;
				CLANG_ENABLE_OBJC_ARC = YES;
				CLANG_ENABLE_OBJC_WEAK = YES;
				CLANG_WARN_BLOCK_CAPTURE_AUTORELEASING = YES;
				CLANG_WARN_BOOL_CONVERSION = YES;
				CLANG_WARN_COMMA = YES;
				CLANG_WARN_CONSTANT_CONVERSION = YES;
				CLANG_WARN_DEPRECATED_OBJC_IMPLEMENTATIONS = YES;
				CLANG_WARN_DIRECT_OBJC_ISA_USAGE = YES_ERROR;
				CLANG_WARN_DOCUMENTATION_COMMENTS = YES;
				CLANG_WARN_EMPTY_BODY = YES;
				CLANG_WARN_ENUM_CONVERSION = YES;
				CLANG_WARN_INFINITE_RECURSION = YES;
				CLANG_WARN_INT_CONVERSION = YES;
				CLANG_WARN_NON_LITERAL_NULL_CONVERSION = YES;
				CLANG_WARN_OBJC_IMPLICIT_RETAIN_SELF = YES;
				CLANG_WARN_OBJC_LITERAL_CONVERSION = YES;
				CLANG_WARN_OBJC_ROOT_CLASS = YES_ERROR;
				CLANG_WARN_QUOTED_INCLUDE_IN_FRAMEWORK_HEADER = YES;
				CLANG_WARN_RANGE_LOOP_ANALYSIS = YES;
				CLANG_WARN_STRICT_PROTOTYPES = YES;
				CLANG_WARN_SUSPICIOUS_MOVE = YES;
				CLANG_WARN_UNGUARDED_AVAILABILITY = YES_AGGRESSIVE;
				CLANG_WARN_UNREACHABLE_CODE = YES;
				CLANG_WARN__DUPLICATE_METHOD_MATCH = YES;
				COPY_PHASE_STRIP = NO;
				DEBUG_INFORMATION_FORMAT = dwarf;
				ENABLE_STRICT_OBJC_MSGSEND = YES;
				ENABLE_TESTABILITY = YES;
				GCC_C_LANGUAGE_STANDARD = gnu11;
				GCC_DYNAMIC_NO_PIC = NO;
				GCC_NO_COMMON_BLOCKS = YES;
				GCC_OPTIMIZATION_LEVEL = 0;
				GCC_PREPROCESSOR_DEFINITIONS = (
					"DEBUG=1",
					"$(inherited)",
				);
				GCC_WARN_64_TO_32_BIT_CONVERSION = YES;
				GCC_WARN_ABOUT_RETURN_TYPE = YES_ERROR;
				GCC_WARN_UNDECLARED_SELECTOR = YES;
				GCC_WARN_UNINITIALIZED_AUTOS = YES_AGGRESSIVE;
				GCC_WARN_UNUSED_FUNCTION = YES;
				GCC_WARN_UNUSED_VARIABLE = YES;
				IPHONEOS_DEPLOYMENT_TARGET = 15.0;
				MTL_ENABLE_DEBUG_INFO = INCLUDE_SOURCE;
				MTL_FAST_MATH = YES;
				ONLY_ACTIVE_ARCH = YES;
				SDKROOT = iphoneos;
				SWIFT_ACTIVE_COMPILATION_CONDITIONS = DEBUG;
				SWIFT_OPTIMIZATION_LEVEL = "-Onone";
			};
			name = Debug;
		};
		0D6DD1E2274E8737006C806E /* Release */ = {
			isa = XCBuildConfiguration;
			buildSettings = {
				ALWAYS_SEARCH_USER_PATHS = NO;
				CLANG_ANALYZER_NONNULL = YES;
				CLANG_ANALYZER_NUMBER_OBJECT_CONVERSION = YES_AGGRESSIVE;
				CLANG_CXX_LANGUAGE_STANDARD = "gnu++17";
				CLANG_CXX_LIBRARY = "libc++";
				CLANG_ENABLE_MODULES = YES;
				CLANG_ENABLE_OBJC_ARC = YES;
				CLANG_ENABLE_OBJC_WEAK = YES;
				CLANG_WARN_BLOCK_CAPTURE_AUTORELEASING = YES;
				CLANG_WARN_BOOL_CONVERSION = YES;
				CLANG_WARN_COMMA = YES;
				CLANG_WARN_CONSTANT_CONVERSION = YES;
				CLANG_WARN_DEPRECATED_OBJC_IMPLEMENTATIONS = YES;
				CLANG_WARN_DIRECT_OBJC_ISA_USAGE = YES_ERROR;
				CLANG_WARN_DOCUMENTATION_COMMENTS = YES;
				CLANG_WARN_EMPTY_BODY = YES;
				CLANG_WARN_ENUM_CONVERSION = YES;
				CLANG_WARN_INFINITE_RECURSION = YES;
				CLANG_WARN_INT_CONVERSION = YES;
				CLANG_WARN_NON_LITERAL_NULL_CONVERSION = YES;
				CLANG_WARN_OBJC_IMPLICIT_RETAIN_SELF = YES;
				CLANG_WARN_OBJC_LITERAL_CONVERSION = YES;
				CLANG_WARN_OBJC_ROOT_CLASS = YES_ERROR;
				CLANG_WARN_QUOTED_INCLUDE_IN_FRAMEWORK_HEADER = YES;
				CLANG_WARN_RANGE_LOOP_ANALYSIS = YES;
				CLANG_WARN_STRICT_PROTOTYPES = YES;
				CLANG_WARN_SUSPICIOUS_MOVE = YES;
				CLANG_WARN_UNGUARDED_AVAILABILITY = YES_AGGRESSIVE;
				CLANG_WARN_UNREACHABLE_CODE = YES;
				CLANG_WARN__DUPLICATE_METHOD_MATCH = YES;
				COPY_PHASE_STRIP = NO;
				DEBUG_INFORMATION_FORMAT = "dwarf-with-dsym";
				ENABLE_NS_ASSERTIONS = NO;
				ENABLE_STRICT_OBJC_MSGSEND = YES;
				GCC_C_LANGUAGE_STANDARD = gnu11;
				GCC_NO_COMMON_BLOCKS = YES;
				GCC_WARN_64_TO_32_BIT_CONVERSION = YES;
				GCC_WARN_ABOUT_RETURN_TYPE = YES_ERROR;
				GCC_WARN_UNDECLARED_SELECTOR = YES;
				GCC_WARN_UNINITIALIZED_AUTOS = YES_AGGRESSIVE;
				GCC_WARN_UNUSED_FUNCTION = YES;
				GCC_WARN_UNUSED_VARIABLE = YES;
				IPHONEOS_DEPLOYMENT_TARGET = 15.0;
				MTL_ENABLE_DEBUG_INFO = NO;
				MTL_FAST_MATH = YES;
				SDKROOT = iphoneos;
				SWIFT_COMPILATION_MODE = wholemodule;
				SWIFT_OPTIMIZATION_LEVEL = "-O";
				VALIDATE_PRODUCT = YES;
			};
			name = Release;
		};
		0D6DD1E4274E8737006C806E /* Debug */ = {
			isa = XCBuildConfiguration;
			buildSettings = {
				ASSETCATALOG_COMPILER_APPICON_NAME = AppIcon;
				ASSETCATALOG_COMPILER_GLOBAL_ACCENT_COLOR_NAME = AccentColor;
				CODE_SIGN_STYLE = Automatic;
				CURRENT_PROJECT_VERSION = 1;
				DEVELOPMENT_TEAM = F94HS5DCZL;
				GENERATE_INFOPLIST_FILE = YES;
				INFOPLIST_FILE = "Choose Players/Info.plist";
				INFOPLIST_KEY_UIApplicationSupportsIndirectInputEvents = YES;
				INFOPLIST_KEY_UILaunchStoryboardName = LaunchScreen;
				INFOPLIST_KEY_UIMainStoryboardFile = Main;
				INFOPLIST_KEY_UISupportedInterfaceOrientations_iPad = "UIInterfaceOrientationPortrait UIInterfaceOrientationPortraitUpsideDown UIInterfaceOrientationLandscapeLeft UIInterfaceOrientationLandscapeRight";
				INFOPLIST_KEY_UISupportedInterfaceOrientations_iPhone = "UIInterfaceOrientationPortrait UIInterfaceOrientationLandscapeLeft UIInterfaceOrientationLandscapeRight";
				LD_RUNPATH_SEARCH_PATHS = (
					"$(inherited)",
					"@executable_path/Frameworks",
				);
				MARKETING_VERSION = 1.0;
				PRODUCT_BUNDLE_IDENTIFIER = "com.YashraJ.Choose-Players";
				PRODUCT_NAME = "$(TARGET_NAME)";
				SWIFT_EMIT_LOC_STRINGS = YES;
				SWIFT_VERSION = 5.0;
				TARGETED_DEVICE_FAMILY = "1,2";
			};
			name = Debug;
		};
		0D6DD1E5274E8737006C806E /* Release */ = {
			isa = XCBuildConfiguration;
			buildSettings = {
				ASSETCATALOG_COMPILER_APPICON_NAME = AppIcon;
				ASSETCATALOG_COMPILER_GLOBAL_ACCENT_COLOR_NAME = AccentColor;
				CODE_SIGN_STYLE = Automatic;
				CURRENT_PROJECT_VERSION = 1;
				DEVELOPMENT_TEAM = F94HS5DCZL;
				GENERATE_INFOPLIST_FILE = YES;
				INFOPLIST_FILE = "Choose Players/Info.plist";
				INFOPLIST_KEY_UIApplicationSupportsIndirectInputEvents = YES;
				INFOPLIST_KEY_UILaunchStoryboardName = LaunchScreen;
				INFOPLIST_KEY_UIMainStoryboardFile = Main;
				INFOPLIST_KEY_UISupportedInterfaceOrientations_iPad = "UIInterfaceOrientationPortrait UIInterfaceOrientationPortraitUpsideDown UIInterfaceOrientationLandscapeLeft UIInterfaceOrientationLandscapeRight";
				INFOPLIST_KEY_UISupportedInterfaceOrientations_iPhone = "UIInterfaceOrientationPortrait UIInterfaceOrientationLandscapeLeft UIInterfaceOrientationLandscapeRight";
				LD_RUNPATH_SEARCH_PATHS = (
					"$(inherited)",
					"@executable_path/Frameworks",
				);
				MARKETING_VERSION = 1.0;
				PRODUCT_BUNDLE_IDENTIFIER = "com.YashraJ.Choose-Players";
				PRODUCT_NAME = "$(TARGET_NAME)";
				SWIFT_EMIT_LOC_STRINGS = YES;
				SWIFT_VERSION = 5.0;
				TARGETED_DEVICE_FAMILY = "1,2";
			};
			name = Release;
		};
/* End XCBuildConfiguration section */

/* Begin XCConfigurationList section */
		0D6DD1CA274E8733006C806E /* Build configuration list for PBXProject "Choose Players" */ = {
			isa = XCConfigurationList;
			buildConfigurations = (
				0D6DD1E1274E8737006C806E /* Debug */,
				0D6DD1E2274E8737006C806E /* Release */,
			);
			defaultConfigurationIsVisible = 0;
			defaultConfigurationName = Release;
		};
		0D6DD1E3274E8737006C806E /* Build configuration list for PBXNativeTarget "Choose Players" */ = {
			isa = XCConfigurationList;
			buildConfigurations = (
				0D6DD1E4274E8737006C806E /* Debug */,
				0D6DD1E5274E8737006C806E /* Release */,
			);
			defaultConfigurationIsVisible = 0;
			defaultConfigurationName = Release;
		};
/* End XCConfigurationList section */
	};
	rootObject = 0D6DD1C7274E8733006C806E /* Project object */;
}
